
Microsoft Visual Studio Solution File, Format Version 12.00
# Visual Studio Version 16
VisualStudioVersion = 16.0.30114.105
MinimumVisualStudioVersion = 10.0.40219.1
Project("{2150E333-8FDC-42A3-9474-1A3956D46DE8}") = "Services", "Services", "{99231A7A-0A54-4AF5-B80B-9348B8608D55}"
EndProject
Project("{9A19103F-16F7-4668-BE54-9A1E7A4F7556}") = "InTech.API", "Services\InTech.API\InTech.API.csproj", "{52C62D0A-CD27-4220-8B73-BB6A464EAF6D}"
EndProject
Project("{9A19103F-16F7-4668-BE54-9A1E7A4F7556}") = "InTech.Application", "Services\InTech.Application\InTech.Application.csproj", "{E0C623FF-FE61-46AB-8192-F6C92471AE52}"
EndProject
Project("{9A19103F-16F7-4668-BE54-9A1E7A4F7556}") = "InTech.Core", "Services\InTech.Core\InTech.Core.csproj", "{27129610-243B-4073-957D-DF91EE20CC87}"
EndProject
Project("{9A19103F-16F7-4668-BE54-9A1E7A4F7556}") = "InTech.Infrastructure", "Services\InTech.Infrastructure\InTech.Infrastructure.csproj", "{740AEA5C-3FA1-49FB-9179-063480734415}"
EndProject
Global
	GlobalSection(SolutionConfigurationPlatforms) = preSolution
		Debug|Any CPU = Debug|Any CPU
		Debug|x64 = Debug|x64
		Debug|x86 = Debug|x86
		Release|Any CPU = Release|Any CPU
		Release|x64 = Release|x64
		Release|x86 = Release|x86
	EndGlobalSection
	GlobalSection(ProjectConfigurationPlatforms) = postSolution
		{52C62D0A-CD27-4220-8B73-BB6A464EAF6D}.Debug|Any CPU.ActiveCfg = Debug|Any CPU
		{52C62D0A-CD27-4220-8B73-BB6A464EAF6D}.Debug|Any CPU.Build.0 = Debug|Any CPU
		{52C62D0A-CD27-4220-8B73-BB6A464EAF6D}.Debug|x64.ActiveCfg = Debug|Any CPU
		{52C62D0A-CD27-4220-8B73-BB6A464EAF6D}.Debug|x64.Build.0 = Debug|Any CPU
		{52C62D0A-CD27-4220-8B73-BB6A464EAF6D}.Debug|x86.ActiveCfg = Debug|Any CPU
		{52C62D0A-CD27-4220-8B73-BB6A464EAF6D}.Debug|x86.Build.0 = Debug|Any CPU
		{52C62D0A-CD27-4220-8B73-BB6A464EAF6D}.Release|Any CPU.ActiveCfg = Release|Any CPU
		{52C62D0A-CD27-4220-8B73-BB6A464EAF6D}.Release|Any CPU.Build.0 = Release|Any CPU
		{52C62D0A-CD27-4220-8B73-BB6A464EAF6D}.Release|x64.ActiveCfg = Release|Any CPU
		{52C62D0A-CD27-4220-8B73-BB6A464EAF6D}.Release|x64.Build.0 = Release|Any CPU
		{52C62D0A-CD27-4220-8B73-BB6A464EAF6D}.Release|x86.ActiveCfg = Release|Any CPU
		{52C62D0A-CD27-4220-8B73-BB6A464EAF6D}.Release|x86.Build.0 = Release|Any CPU
		{E0C623FF-FE61-46AB-8192-F6C92471AE52}.Debug|Any CPU.ActiveCfg = Debug|Any CPU
		{E0C623FF-FE61-46AB-8192-F6C92471AE52}.Debug|Any CPU.Build.0 = Debug|Any CPU
		{E0C623FF-FE61-46AB-8192-F6C92471AE52}.Debug|x64.ActiveCfg = Debug|Any CPU
		{E0C623FF-FE61-46AB-8192-F6C92471AE52}.Debug|x64.Build.0 = Debug|Any CPU
		{E0C623FF-FE61-46AB-8192-F6C92471AE52}.Debug|x86.ActiveCfg = Debug|Any CPU
		{E0C623FF-FE61-46AB-8192-F6C92471AE52}.Debug|x86.Build.0 = Debug|Any CPU
		{E0C623FF-FE61-46AB-8192-F6C92471AE52}.Release|Any CPU.ActiveCfg = Release|Any CPU
		{E0C623FF-FE61-46AB-8192-F6C92471AE52}.Release|Any CPU.Build.0 = Release|Any CPU
		{E0C623FF-FE61-46AB-8192-F6C92471AE52}.Release|x64.ActiveCfg = Release|Any CPU
		{E0C623FF-FE61-46AB-8192-F6C92471AE52}.Release|x64.Build.0 = Release|Any CPU
		{E0C623FF-FE61-46AB-8192-F6C92471AE52}.Release|x86.ActiveCfg = Release|Any CPU
		{E0C623FF-FE61-46AB-8192-F6C92471AE52}.Release|x86.Build.0 = Release|Any CPU
		{27129610-243B-4073-957D-DF91EE20CC87}.Debug|Any CPU.ActiveCfg = Debug|Any CPU
		{27129610-243B-4073-957D-DF91EE20CC87}.Debug|Any CPU.Build.0 = Debug|Any CPU
		{27129610-243B-4073-957D-DF91EE20CC87}.Debug|x64.ActiveCfg = Debug|Any CPU
		{27129610-243B-4073-957D-DF91EE20CC87}.Debug|x64.Build.0 = Debug|Any CPU
		{27129610-243B-4073-957D-DF91EE20CC87}.Debug|x86.ActiveCfg = Debug|Any CPU
		{27129610-243B-4073-957D-DF91EE20CC87}.Debug|x86.Build.0 = Debug|Any CPU
		{27129610-243B-4073-957D-DF91EE20CC87}.Release|Any CPU.ActiveCfg = Release|Any CPU
		{27129610-243B-4073-957D-DF91EE20CC87}.Release|Any CPU.Build.0 = Release|Any CPU
		{27129610-243B-4073-957D-DF91EE20CC87}.Release|x64.ActiveCfg = Release|Any CPU
		{27129610-243B-4073-957D-DF91EE20CC87}.Release|x64.Build.0 = Release|Any CPU
		{27129610-243B-4073-957D-DF91EE20CC87}.Release|x86.ActiveCfg = Release|Any CPU
		{27129610-243B-4073-957D-DF91EE20CC87}.Release|x86.Build.0 = Release|Any CPU
		{740AEA5C-3FA1-49FB-9179-063480734415}.Debug|Any CPU.ActiveCfg = Debug|Any CPU
		{740AEA5C-3FA1-49FB-9179-063480734415}.Debug|Any CPU.Build.0 = Debug|Any CPU
		{740AEA5C-3FA1-49FB-9179-063480734415}.Debug|x64.ActiveCfg = Debug|Any CPU
		{740AEA5C-3FA1-49FB-9179-063480734415}.Debug|x64.Build.0 = Debug|Any CPU
		{740AEA5C-3FA1-49FB-9179-063480734415}.Debug|x86.ActiveCfg = Debug|Any CPU
		{740AEA5C-3FA1-49FB-9179-063480734415}.Debug|x86.Build.0 = Debug|Any CPU
		{740AEA5C-3FA1-49FB-9179-063480734415}.Release|Any CPU.ActiveCfg = Release|Any CPU
		{740AEA5C-3FA1-49FB-9179-063480734415}.Release|Any CPU.Build.0 = Release|Any CPU
		{740AEA5C-3FA1-49FB-9179-063480734415}.Release|x64.ActiveCfg = Release|Any CPU
		{740AEA5C-3FA1-49FB-9179-063480734415}.Release|x64.Build.0 = Release|Any CPU
		{740AEA5C-3FA1-49FB-9179-063480734415}.Release|x86.ActiveCfg = Release|Any CPU
		{740AEA5C-3FA1-49FB-9179-063480734415}.Release|x86.Build.0 = Release|Any CPU
	EndGlobalSection
	GlobalSection(SolutionProperties) = preSolution
		HideSolutionNode = FALSE
	EndGlobalSection
	GlobalSection(NestedProjects) = preSolution
		{52C62D0A-CD27-4220-8B73-BB6A464EAF6D} = {99231A7A-0A54-4AF5-B80B-9348B8608D55}
		{E0C623FF-FE61-46AB-8192-F6C92471AE52} = {99231A7A-0A54-4AF5-B80B-9348B8608D55}
		{27129610-243B-4073-957D-DF91EE20CC87} = {99231A7A-0A54-4AF5-B80B-9348B8608D55}
		{740AEA5C-3FA1-49FB-9179-063480734415} = {99231A7A-0A54-4AF5-B80B-9348B8608D55}
	EndGlobalSection
	GlobalSection(ExtensibilityGlobals) = postSolution
		SolutionGuid = {DC5977F3-61EE-4E99-8843-AFCF54163677}
	EndGlobalSection
EndGlobal
